PODS:
  - NDCoordinators (0.0.5.1):
    - NDCoordinators/Swift (= 0.0.5.1)
  - NDCoordinators/Abstracts (0.0.5.1):
    - NDCoordinators/Abstracts_Swift
  - NDCoordinators/Abstracts_ObjC (0.0.5.1):
    - NDCoordinators/Core_ObjC
  - NDCoordinators/Abstracts_Swift (0.0.5.1):
    - NDCoordinators/Abstracts_ObjC
  - NDCoordinators/Coordinators (0.0.5.1):
    - NDCoordinators/Coordinators_Swift
  - NDCoordinators/Coordinators_ObjC (0.0.5.1):
    - NDCoordinators/Abstracts_ObjC
    - NDLog/ObjC (~> 0.0.6)
    - NDUtils/objc_ObjC (~> 0.0.5)
  - NDCoordinators/Coordinators_Swift (0.0.5.1):
    - NDCoordinators/Coordinators_ObjC
  - NDCoordinators/Core (0.0.5.1):
    - NDCoordinators/Core_Swift
  - NDCoordinators/Core_ObjC (0.0.5.1)
  - NDCoordinators/Core_Swift (0.0.5.1):
    - NDCoordinators/Core_ObjC
  - NDCoordinators/Swift (0.0.5.1):
    - NDCoordinators/Abstracts
    - NDCoordinators/Coordinators
    - NDCoordinators/Core
  - NDLog (0.0.6.3):
    - NDLog/Swift (= 0.0.6.3)
  - NDLog/Core_ObjC (0.0.6.3)
  - NDLog/Core_Swift (0.0.6.3):
    - NDLog/Core_ObjC
  - NDLog/ObjC (0.0.6.3):
    - NDLog/Core_ObjC
  - NDLog/Swift (0.0.6.3):
    - NDLog/Core_Swift
  - NDUtils/Core_ObjC (0.0.5.1)
  - NDUtils/objc (0.0.5.1):
    - NDUtils/objc_Swift
  - NDUtils/objc_ObjC (0.0.5.1):
    - NDLog/ObjC (~> 0.0.6)
    - NDUtils/Core_ObjC
  - NDUtils/objc_Swift (0.0.5.1):
    - NDUtils/objc_ObjC

DEPENDENCIES:
  - NDCoordinators (from `.`)
  - NDLog (from `../NDLog`)
  - NDUtils/objc (from `../NDUtils`)

EXTERNAL SOURCES:
  NDCoordinators:
    :path: "."
  NDLog:
    :path: "../NDLog"
  NDUtils:
    :path: "../NDUtils"

SPEC CHECKSUMS:
  NDCoordinators: 0845bc42dc4f86a8104678ccdd953c1662cf2413
  NDLog: 783141ece6ac6a398262145b59cc7c27b80ab58d
  NDUtils: aa4bbf2c741cf5d9b53276beb0cff3b7a365b7b2

PODFILE CHECKSUM: a13673f2ef991f59ee705692647325f4a9adcd3d

COCOAPODS: 1.9.3
